// !$*UTF8*$!
{
	archiveVersion = 1;
	classes = {
	};
	objectVersion = 56;
	objects = {

/* Begin PBXBuildFile section */
		8E5123422A0E124000C08EC4 /* TimelessApp.swift in Sources */ = {isa = PBXBuildFile; fileRef = 8E5123412A0E124000C08EC4 /* TimelessApp.swift */; };
		8E5123442A0E124000C08EC4 /* ContentView.swift in Sources */ = {isa = PBXBuildFile; fileRef = 8E5123432A0E124000C08EC4 /* ContentView.swift */; };
		8E5123462A0E124100C08EC4 /* Assets.xcassets in Resources */ = {isa = PBXBuildFile; fileRef = 8E5123452A0E124100C08EC4 /* Assets.xcassets */; };
		8E5123492A0E124100C08EC4 /* Preview Assets.xcassets in Resources */ = {isa = PBXBuildFile; fileRef = 8E5123482A0E124100C08EC4 /* Preview Assets.xcassets */; };
		8E5123532A0E124200C08EC4 /* TimelessTests.swift in Sources */ = {isa = PBXBuildFile; fileRef = 8E5123522A0E124200C08EC4 /* TimelessTests.swift */; };
		8E51235D2A0E124200C08EC4 /* TimelessUITests.swift in Sources */ = {isa = PBXBuildFile; fileRef = 8E51235C2A0E124200C08EC4 /* TimelessUITests.swift */; };
		8E51235F2A0E124200C08EC4 /* TimelessUITestsLaunchTests.swift in Sources */ = {isa = PBXBuildFile; fileRef = 8E51235E2A0E124200C08EC4 /* TimelessUITestsLaunchTests.swift */; };
		8E51236E2A0E1F0D00C08EC4 /* splash.mp4 in Resources */ = {isa = PBXBuildFile; fileRef = 8E51236C2A0E1F0D00C08EC4 /* splash.mp4 */; };
		8E51236F2A0E1F0D00C08EC4 /* walkthroughIntro.mp4 in Resources */ = {isa = PBXBuildFile; fileRef = 8E51236D2A0E1F0D00C08EC4 /* walkthroughIntro.mp4 */; };
		8E5123782A0E253600C08EC4 /* Localizable.strings in Resources */ = {isa = PBXBuildFile; fileRef = 8E51237A2A0E253600C08EC4 /* Localizable.strings */; };
		8E5123A32A0E2E5800C08EC4 /* Font.swift in Sources */ = {isa = PBXBuildFile; fileRef = 8E5123A22A0E2E5800C08EC4 /* Font.swift */; };
		8E5123B12A0E2F2000C08EC4 /* SFProRounded-Semibold.otf in Resources */ = {isa = PBXBuildFile; fileRef = 8E5123A42A0E2F1F00C08EC4 /* SFProRounded-Semibold.otf */; };
		8E5123B22A0E2F2000C08EC4 /* SFProText-Light.otf in Resources */ = {isa = PBXBuildFile; fileRef = 8E5123A52A0E2F1F00C08EC4 /* SFProText-Light.otf */; };
		8E5123B32A0E2F2000C08EC4 /* SFProDisplay-Medium.otf in Resources */ = {isa = PBXBuildFile; fileRef = 8E5123A62A0E2F1F00C08EC4 /* SFProDisplay-Medium.otf */; };
		8E5123B42A0E2F2000C08EC4 /* SFProDisplay-Bold.otf in Resources */ = {isa = PBXBuildFile; fileRef = 8E5123A72A0E2F1F00C08EC4 /* SFProDisplay-Bold.otf */; };
		8E5123B52A0E2F2000C08EC4 /* SFProRounded-Bold.otf in Resources */ = {isa = PBXBuildFile; fileRef = 8E5123A82A0E2F1F00C08EC4 /* SFProRounded-Bold.otf */; };
		8E5123B62A0E2F2000C08EC4 /* SFProDisplay-Regular.otf in Resources */ = {isa = PBXBuildFile; fileRef = 8E5123A92A0E2F1F00C08EC4 /* SFProDisplay-Regular.otf */; };
		8E5123B72A0E2F2000C08EC4 /* SFProText-Medium.otf in Resources */ = {isa = PBXBuildFile; fileRef = 8E5123AA2A0E2F1F00C08EC4 /* SFProText-Medium.otf */; };
		8E5123B82A0E2F2000C08EC4 /* SFProText-Bold.otf in Resources */ = {isa = PBXBuildFile; fileRef = 8E5123AB2A0E2F1F00C08EC4 /* SFProText-Bold.otf */; };
		8E5123B92A0E2F2000C08EC4 /* Phosphate.ttc in Resources */ = {isa = PBXBuildFile; fileRef = 8E5123AC2A0E2F1F00C08EC4 /* Phosphate.ttc */; };
		8E5123BA2A0E2F2000C08EC4 /* SFProText-Semibold.otf in Resources */ = {isa = PBXBuildFile; fileRef = 8E5123AD2A0E2F1F00C08EC4 /* SFProText-Semibold.otf */; };
		8E5123BB2A0E2F2000C08EC4 /* SFProRounded-Regular.otf in Resources */ = {isa = PBXBuildFile; fileRef = 8E5123AE2A0E2F1F00C08EC4 /* SFProRounded-Regular.otf */; };
		8E5123BC2A0E2F2000C08EC4 /* SFProDisplay-Semibold.otf in Resources */ = {isa = PBXBuildFile; fileRef = 8E5123AF2A0E2F1F00C08EC4 /* SFProDisplay-Semibold.otf */; };
		8E5123BD2A0E2F2000C08EC4 /* SFProDisplay-Black.otf in Resources */ = {isa = PBXBuildFile; fileRef = 8E5123B02A0E2F1F00C08EC4 /* SFProDisplay-Black.otf */; };
		8E5123BF2A0E35B900C08EC4 /* Color.swift in Sources */ = {isa = PBXBuildFile; fileRef = 8E5123BE2A0E35B900C08EC4 /* Color.swift */; };
		8E5123C12A0E37AD00C08EC4 /* Color.xcassets in Resources */ = {isa = PBXBuildFile; fileRef = 8E5123C02A0E37AD00C08EC4 /* Color.xcassets */; };
		8E5123C52A108AAA00C08EC4 /* WalkThroughtScreenView.swift in Sources */ = {isa = PBXBuildFile; fileRef = 8E5123C42A108AAA00C08EC4 /* WalkThroughtScreenView.swift */; };
/* End PBXBuildFile section */

/* Begin PBXContainerItemProxy section */
		8E51234F2A0E124200C08EC4 /* PBXContainerItemProxy */ = {
			isa = PBXContainerItemProxy;
			containerPortal = 8E5123362A0E124000C08EC4 /* Project object */;
			proxyType = 1;
			remoteGlobalIDString = 8E51233D2A0E124000C08EC4;
			remoteInfo = Timeless;
		};
		8E5123592A0E124200C08EC4 /* PBXContainerItemProxy */ = {
			isa = PBXContainerItemProxy;
			containerPortal = 8E5123362A0E124000C08EC4 /* Project object */;
			proxyType = 1;
			remoteGlobalIDString = 8E51233D2A0E124000C08EC4;
			remoteInfo = Timeless;
		};
/* End PBXContainerItemProxy section */

/* Begin PBXFileReference section */
		8E51233E2A0E124000C08EC4 /* Timeless.app */ = {isa = PBXFileReference; explicitFileType = wrapper.application; includeInIndex = 0; path = Timeless.app; sourceTree = BUILT_PRODUCTS_DIR; };
		8E5123412A0E124000C08EC4 /* TimelessApp.swift */ = {isa = PBXFileReference; lastKnownFileType = sourcecode.swift; path = TimelessApp.swift; sourceTree = "<group>"; };
		8E5123432A0E124000C08EC4 /* ContentView.swift */ = {isa = PBXFileReference; lastKnownFileType = sourcecode.swift; path = ContentView.swift; sourceTree = "<group>"; };
		8E5123452A0E124100C08EC4 /* Assets.xcassets */ = {isa = PBXFileReference; lastKnownFileType = folder.assetcatalog; path = Assets.xcassets; sourceTree = "<group>"; };
		8E5123482A0E124100C08EC4 /* Preview Assets.xcassets */ = {isa = PBXFileReference; lastKnownFileType = folder.assetcatalog; path = "Preview Assets.xcassets"; sourceTree = "<group>"; };
		8E51234E2A0E124200C08EC4 /* TimelessTests.xctest */ = {isa = PBXFileReference; explicitFileType = wrapper.cfbundle; includeInIndex = 0; path = TimelessTests.xctest; sourceTree = BUILT_PRODUCTS_DIR; };
		8E5123522A0E124200C08EC4 /* TimelessTests.swift */ = {isa = PBXFileReference; lastKnownFileType = sourcecode.swift; path = TimelessTests.swift; sourceTree = "<group>"; };
		8E5123582A0E124200C08EC4 /* TimelessUITests.xctest */ = {isa = PBXFileReference; explicitFileType = wrapper.cfbundle; includeInIndex = 0; path = TimelessUITests.xctest; sourceTree = BUILT_PRODUCTS_DIR; };
		8E51235C2A0E124200C08EC4 /* TimelessUITests.swift */ = {isa = PBXFileReference; lastKnownFileType = sourcecode.swift; path = TimelessUITests.swift; sourceTree = "<group>"; };
		8E51235E2A0E124200C08EC4 /* TimelessUITestsLaunchTests.swift */ = {isa = PBXFileReference; lastKnownFileType = sourcecode.swift; path = TimelessUITestsLaunchTests.swift; sourceTree = "<group>"; };
		8E51236C2A0E1F0D00C08EC4 /* splash.mp4 */ = {isa = PBXFileReference; lastKnownFileType = file; name = splash.mp4; path = "../../../../timeless-wallet/Timeless-wallet/Resources/Video/splash.mp4"; sourceTree = "<group>"; };
		8E51236D2A0E1F0D00C08EC4 /* walkthroughIntro.mp4 */ = {isa = PBXFileReference; lastKnownFileType = file; name = walkthroughIntro.mp4; path = "../../../../timeless-wallet/Timeless-wallet/Resources/Video/walkthroughIntro.mp4"; sourceTree = "<group>"; };
		8E5123702A0E20B100C08EC4 /* Info.plist */ = {isa = PBXFileReference; lastKnownFileType = text.plist; path = Info.plist; sourceTree = "<group>"; };
		8E5123792A0E253600C08EC4 /* en */ = {isa = PBXFileReference; lastKnownFileType = text.plist.strings; name = en; path = en.lproj/Localizable.strings; sourceTree = "<group>"; };
		8E5123A22A0E2E5800C08EC4 /* Font.swift */ = {isa = PBXFileReference; lastKnownFileType = sourcecode.swift; path = Font.swift; sourceTree = "<group>"; };
		8E5123A42A0E2F1F00C08EC4 /* SFProRounded-Semibold.otf */ = {isa = PBXFileReference; lastKnownFileType = file; path = "SFProRounded-Semibold.otf"; sourceTree = "<group>"; };
		8E5123A52A0E2F1F00C08EC4 /* SFProText-Light.otf */ = {isa = PBXFileReference; lastKnownFileType = file; path = "SFProText-Light.otf"; sourceTree = "<group>"; };
		8E5123A62A0E2F1F00C08EC4 /* SFProDisplay-Medium.otf */ = {isa = PBXFileReference; lastKnownFileType = file; path = "SFProDisplay-Medium.otf"; sourceTree = "<group>"; };
		8E5123A72A0E2F1F00C08EC4 /* SFProDisplay-Bold.otf */ = {isa = PBXFileReference; lastKnownFileType = file; path = "SFProDisplay-Bold.otf"; sourceTree = "<group>"; };
		8E5123A82A0E2F1F00C08EC4 /* SFProRounded-Bold.otf */ = {isa = PBXFileReference; lastKnownFileType = file; path = "SFProRounded-Bold.otf"; sourceTree = "<group>"; };
		8E5123A92A0E2F1F00C08EC4 /* SFProDisplay-Regular.otf */ = {isa = PBXFileReference; lastKnownFileType = file; path = "SFProDisplay-Regular.otf"; sourceTree = "<group>"; };
		8E5123AA2A0E2F1F00C08EC4 /* SFProText-Medium.otf */ = {isa = PBXFileReference; lastKnownFileType = file; path = "SFProText-Medium.otf"; sourceTree = "<group>"; };
		8E5123AB2A0E2F1F00C08EC4 /* SFProText-Bold.otf */ = {isa = PBXFileReference; lastKnownFileType = file; path = "SFProText-Bold.otf"; sourceTree = "<group>"; };
		8E5123AC2A0E2F1F00C08EC4 /* Phosphate.ttc */ = {isa = PBXFileReference; lastKnownFileType = file; path = Phosphate.ttc; sourceTree = "<group>"; };
		8E5123AD2A0E2F1F00C08EC4 /* SFProText-Semibold.otf */ = {isa = PBXFileReference; lastKnownFileType = file; path = "SFProText-Semibold.otf"; sourceTree = "<group>"; };
		8E5123AE2A0E2F1F00C08EC4 /* SFProRounded-Regular.otf */ = {isa = PBXFileReference; lastKnownFileType = file; path = "SFProRounded-Regular.otf"; sourceTree = "<group>"; };
		8E5123AF2A0E2F1F00C08EC4 /* SFProDisplay-Semibold.otf */ = {isa = PBXFileReference; lastKnownFileType = file; path = "SFProDisplay-Semibold.otf"; sourceTree = "<group>"; };
		8E5123B02A0E2F1F00C08EC4 /* SFProDisplay-Black.otf */ = {isa = PBXFileReference; lastKnownFileType = file; path = "SFProDisplay-Black.otf"; sourceTree = "<group>"; };
		8E5123BE2A0E35B900C08EC4 /* Color.swift */ = {isa = PBXFileReference; lastKnownFileType = sourcecode.swift; path = Color.swift; sourceTree = "<group>"; };
		8E5123C02A0E37AD00C08EC4 /* Color.xcassets */ = {isa = PBXFileReference; lastKnownFileType = folder.assetcatalog; path = Color.xcassets; sourceTree = "<group>"; };
		8E5123C42A108AAA00C08EC4 /* WalkThroughtScreenView.swift */ = {isa = PBXFileReference; lastKnownFileType = sourcecode.swift; path = WalkThroughtScreenView.swift; sourceTree = "<group>"; };
/* End PBXFileReference section */

/* Begin PBXFrameworksBuildPhase section */
		8E51233B2A0E124000C08EC4 /* Frameworks */ = {
			isa = PBXFrameworksBuildPhase;
			buildActionMask = 2147483647;
			files = (
			);
			runOnlyForDeploymentPostprocessing = 0;
		};
		8E51234B2A0E124200C08EC4 /* Frameworks */ = {
			isa = PBXFrameworksBuildPhase;
			buildActionMask = 2147483647;
			files = (
			);
			runOnlyForDeploymentPostprocessing = 0;
		};
		8E5123552A0E124200C08EC4 /* Frameworks */ = {
			isa = PBXFrameworksBuildPhase;
			buildActionMask = 2147483647;
			files = (
			);
			runOnlyForDeploymentPostprocessing = 0;
		};
/* End PBXFrameworksBuildPhase section */

/* Begin PBXGroup section */
		8E5123352A0E124000C08EC4 = {
			isa = PBXGroup;
			children = (
				8E51237A2A0E253600C08EC4 /* Localizable.strings */,
				8E5123402A0E124000C08EC4 /* Timeless */,
				8E5123512A0E124200C08EC4 /* TimelessTests */,
				8E51235B2A0E124200C08EC4 /* TimelessUITests */,
				8E51233F2A0E124000C08EC4 /* Products */,
			);
			sourceTree = "<group>";
		};
		8E51233F2A0E124000C08EC4 /* Products */ = {
			isa = PBXGroup;
			children = (
				8E51233E2A0E124000C08EC4 /* Timeless.app */,
				8E51234E2A0E124200C08EC4 /* TimelessTests.xctest */,
				8E5123582A0E124200C08EC4 /* TimelessUITests.xctest */,
			);
			name = Products;
			sourceTree = "<group>";
		};
		8E5123402A0E124000C08EC4 /* Timeless */ = {
			isa = PBXGroup;
			children = (
				8E51237B2A0E25D200C08EC4 /* Screens */,
				8E5123722A0E21C500C08EC4 /* Resources */,
				8E5123702A0E20B100C08EC4 /* Info.plist */,
				8E51236B2A0E1EEC00C08EC4 /* Video */,
				8E5123412A0E124000C08EC4 /* TimelessApp.swift */,
				8E5123432A0E124000C08EC4 /* ContentView.swift */,
				8E5123452A0E124100C08EC4 /* Assets.xcassets */,
				8E5123C02A0E37AD00C08EC4 /* Color.xcassets */,
				8E5123472A0E124100C08EC4 /* Preview Content */,
			);
			path = Timeless;
			sourceTree = "<group>";
		};
		8E5123472A0E124100C08EC4 /* Preview Content */ = {
			isa = PBXGroup;
			children = (
				8E5123482A0E124100C08EC4 /* Preview Assets.xcassets */,
			);
			path = "Preview Content";
			sourceTree = "<group>";
		};
		8E5123512A0E124200C08EC4 /* TimelessTests */ = {
			isa = PBXGroup;
			children = (
				8E5123522A0E124200C08EC4 /* TimelessTests.swift */,
			);
			path = TimelessTests;
			sourceTree = "<group>";
		};
		8E51235B2A0E124200C08EC4 /* TimelessUITests */ = {
			isa = PBXGroup;
			children = (
				8E51235C2A0E124200C08EC4 /* TimelessUITests.swift */,
				8E51235E2A0E124200C08EC4 /* TimelessUITestsLaunchTests.swift */,
			);
			path = TimelessUITests;
			sourceTree = "<group>";
		};
		8E51236B2A0E1EEC00C08EC4 /* Video */ = {
			isa = PBXGroup;
			children = (
				8E51236C2A0E1F0D00C08EC4 /* splash.mp4 */,
				8E51236D2A0E1F0D00C08EC4 /* walkthroughIntro.mp4 */,
			);
			path = Video;
			sourceTree = "<group>";
		};
		8E5123712A0E20CF00C08EC4 /* Fonts */ = {
			isa = PBXGroup;
			children = (
				8E5123AC2A0E2F1F00C08EC4 /* Phosphate.ttc */,
				8E5123B02A0E2F1F00C08EC4 /* SFProDisplay-Black.otf */,
				8E5123A72A0E2F1F00C08EC4 /* SFProDisplay-Bold.otf */,
				8E5123A62A0E2F1F00C08EC4 /* SFProDisplay-Medium.otf */,
				8E5123A92A0E2F1F00C08EC4 /* SFProDisplay-Regular.otf */,
				8E5123AF2A0E2F1F00C08EC4 /* SFProDisplay-Semibold.otf */,
				8E5123A82A0E2F1F00C08EC4 /* SFProRounded-Bold.otf */,
				8E5123AE2A0E2F1F00C08EC4 /* SFProRounded-Regular.otf */,
				8E5123A42A0E2F1F00C08EC4 /* SFProRounded-Semibold.otf */,
				8E5123AB2A0E2F1F00C08EC4 /* SFProText-Bold.otf */,
				8E5123A52A0E2F1F00C08EC4 /* SFProText-Light.otf */,
				8E5123AA2A0E2F1F00C08EC4 /* SFProText-Medium.otf */,
				8E5123AD2A0E2F1F00C08EC4 /* SFProText-Semibold.otf */,
				8E5123A22A0E2E5800C08EC4 /* Font.swift */,
			);
			path = Fonts;
			sourceTree = "<group>";
		};
		8E5123722A0E21C500C08EC4 /* Resources */ = {
			isa = PBXGroup;
			children = (
				8E5123732A0E21D100C08EC4 /* Colors */,
				8E5123712A0E20CF00C08EC4 /* Fonts */,
			);
			path = Resources;
			sourceTree = "<group>";
		};
		8E5123732A0E21D100C08EC4 /* Colors */ = {
			isa = PBXGroup;
			children = (
				8E5123BE2A0E35B900C08EC4 /* Color.swift */,
			);
			path = Colors;
			sourceTree = "<group>";
		};
		8E51237B2A0E25D200C08EC4 /* Screens */ = {
			isa = PBXGroup;
			children = (
				8E5123C42A108AAA00C08EC4 /* WalkThroughtScreenView.swift */,
			);
			path = Screens;
			sourceTree = "<group>";
		};
/* End PBXGroup section */

/* Begin PBXNativeTarget section */
		8E51233D2A0E124000C08EC4 /* Timeless */ = {
			isa = PBXNativeTarget;
			buildConfigurationList = 8E5123622A0E124200C08EC4 /* Build configuration list for PBXNativeTarget "Timeless" */;
			buildPhases = (
				8E51233A2A0E124000C08EC4 /* Sources */,
				8E51233B2A0E124000C08EC4 /* Frameworks */,
				8E51233C2A0E124000C08EC4 /* Resources */,
			);
			buildRules = (
			);
			dependencies = (
			);
			name = Timeless;
			productName = Timeless;
			productReference = 8E51233E2A0E124000C08EC4 /* Timeless.app */;
			productType = "com.apple.product-type.application";
		};
		8E51234D2A0E124200C08EC4 /* TimelessTests */ = {
			isa = PBXNativeTarget;
			buildConfigurationList = 8E5123652A0E124200C08EC4 /* Build configuration list for PBXNativeTarget "TimelessTests" */;
			buildPhases = (
				8E51234A2A0E124200C08EC4 /* Sources */,
				8E51234B2A0E124200C08EC4 /* Frameworks */,
				8E51234C2A0E124200C08EC4 /* Resources */,
			);
			buildRules = (
			);
			dependencies = (
				8E5123502A0E124200C08EC4 /* PBXTargetDependency */,
			);
			name = TimelessTests;
			productName = TimelessTests;
			productReference = 8E51234E2A0E124200C08EC4 /* TimelessTests.xctest */;
			productType = "com.apple.product-type.bundle.unit-test";
		};
		8E5123572A0E124200C08EC4 /* TimelessUITests */ = {
			isa = PBXNativeTarget;
			buildConfigurationList = 8E5123682A0E124200C08EC4 /* Build configuration list for PBXNativeTarget "TimelessUITests" */;
			buildPhases = (
				8E5123542A0E124200C08EC4 /* Sources */,
				8E5123552A0E124200C08EC4 /* Frameworks */,
				8E5123562A0E124200C08EC4 /* Resources */,
			);
			buildRules = (
			);
			dependencies = (
				8E51235A2A0E124200C08EC4 /* PBXTargetDependency */,
			);
			name = TimelessUITests;
			productName = TimelessUITests;
			productReference = 8E5123582A0E124200C08EC4 /* TimelessUITests.xctest */;
			productType = "com.apple.product-type.bundle.ui-testing";
		};
/* End PBXNativeTarget section */

/* Begin PBXProject section */
		8E5123362A0E124000C08EC4 /* Project object */ = {
			isa = PBXProject;
			attributes = {
				BuildIndependentTargetsInParallel = 1;
				LastSwiftUpdateCheck = 1430;
				LastUpgradeCheck = 1430;
				TargetAttributes = {
					8E51233D2A0E124000C08EC4 = {
						CreatedOnToolsVersion = 14.3;
					};
					8E51234D2A0E124200C08EC4 = {
						CreatedOnToolsVersion = 14.3;
						TestTargetID = 8E51233D2A0E124000C08EC4;
					};
					8E5123572A0E124200C08EC4 = {
						CreatedOnToolsVersion = 14.3;
						TestTargetID = 8E51233D2A0E124000C08EC4;
					};
				};
			};
			buildConfigurationList = 8E5123392A0E124000C08EC4 /* Build configuration list for PBXProject "Timeless" */;
			compatibilityVersion = "Xcode 14.0";
			developmentRegion = en;
			hasScannedForEncodings = 0;
			knownRegions = (
				en,
				Base,
			);
			mainGroup = 8E5123352A0E124000C08EC4;
			productRefGroup = 8E51233F2A0E124000C08EC4 /* Products */;
			projectDirPath = "";
			projectRoot = "";
			targets = (
				8E51233D2A0E124000C08EC4 /* Timeless */,
				8E51234D2A0E124200C08EC4 /* TimelessTests */,
				8E5123572A0E124200C08EC4 /* TimelessUITests */,
			);
		};
/* End PBXProject section */

/* Begin PBXResourcesBuildPhase section */
		8E51233C2A0E124000C08EC4 /* Resources */ = {
			isa = PBXResourcesBuildPhase;
			buildActionMask = 2147483647;
			files = (
				8E5123B42A0E2F2000C08EC4 /* SFProDisplay-Bold.otf in Resources */,
				8E5123BD2A0E2F2000C08EC4 /* SFProDisplay-Black.otf in Resources */,
				8E5123B22A0E2F2000C08EC4 /* SFProText-Light.otf in Resources */,
				8E5123782A0E253600C08EC4 /* Localizable.strings in Resources */,
				8E5123B52A0E2F2000C08EC4 /* SFProRounded-Bold.otf in Resources */,
				8E51236E2A0E1F0D00C08EC4 /* splash.mp4 in Resources */,
				8E5123C12A0E37AD00C08EC4 /* Color.xcassets in Resources */,
				8E5123BC2A0E2F2000C08EC4 /* SFProDisplay-Semibold.otf in Resources */,
				8E5123492A0E124100C08EC4 /* Preview Assets.xcassets in Resources */,
				8E5123B92A0E2F2000C08EC4 /* Phosphate.ttc in Resources */,
				8E5123B32A0E2F2000C08EC4 /* SFProDisplay-Medium.otf in Resources */,
				8E5123B12A0E2F2000C08EC4 /* SFProRounded-Semibold.otf in Resources */,
				8E5123BB2A0E2F2000C08EC4 /* SFProRounded-Regular.otf in Resources */,
				8E5123B72A0E2F2000C08EC4 /* SFProText-Medium.otf in Resources */,
				8E5123462A0E124100C08EC4 /* Assets.xcassets in Resources */,
				8E51236F2A0E1F0D00C08EC4 /* walkthroughIntro.mp4 in Resources */,
				8E5123B62A0E2F2000C08EC4 /* SFProDisplay-Regular.otf in Resources */,
				8E5123BA2A0E2F2000C08EC4 /* SFProText-Semibold.otf in Resources */,
				8E5123B82A0E2F2000C08EC4 /* SFProText-Bold.otf in Resources */,
			);
			runOnlyForDeploymentPostprocessing = 0;
		};
		8E51234C2A0E124200C08EC4 /* Resources */ = {
			isa = PBXResourcesBuildPhase;
			buildActionMask = 2147483647;
			files = (
			);
			runOnlyForDeploymentPostprocessing = 0;
		};
		8E5123562A0E124200C08EC4 /* Resources */ = {
			isa = PBXResourcesBuildPhase;
			buildActionMask = 2147483647;
			files = (
			);
			runOnlyForDeploymentPostprocessing = 0;
		};
/* End PBXResourcesBuildPhase section */

/* Begin PBXSourcesBuildPhase section */
		8E51233A2A0E124000C08EC4 /* Sources */ = {
			isa = PBXSourcesBuildPhase;
			buildActionMask = 2147483647;
			files = (
				8E5123442A0E124000C08EC4 /* ContentView.swift in Sources */,
				8E5123C52A108AAA00C08EC4 /* WalkThroughtScreenView.swift in Sources */,
				8E5123BF2A0E35B900C08EC4 /* Color.swift in Sources */,
				8E5123422A0E124000C08EC4 /* TimelessApp.swift in Sources */,
				8E5123A32A0E2E5800C08EC4 /* Font.swift in Sources */,
			);
			runOnlyForDeploymentPostprocessing = 0;
		};
		8E51234A2A0E124200C08EC4 /* Sources */ = {
			isa = PBXSourcesBuildPhase;
			buildActionMask = 2147483647;
			files = (
				8E5123532A0E124200C08EC4 /* TimelessTests.swift in Sources */,
			);
			runOnlyForDeploymentPostprocessing = 0;
		};
		8E5123542A0E124200C08EC4 /* Sources */ = {
			isa = PBXSourcesBuildPhase;
			buildActionMask = 2147483647;
			files = (
				8E51235F2A0E124200C08EC4 /* TimelessUITestsLaunchTests.swift in Sources */,
				8E51235D2A0E124200C08EC4 /* TimelessUITests.swift in Sources */,
			);
			runOnlyForDeploymentPostprocessing = 0;
		};
/* End PBXSourcesBuildPhase section */

/* Begin PBXTargetDependency section */
		8E5123502A0E124200C08EC4 /* PBXTargetDependency */ = {
			isa = PBXTargetDependency;
			target = 8E51233D2A0E124000C08EC4 /* Timeless */;
			targetProxy = 8E51234F2A0E124200C08EC4 /* PBXContainerItemProxy */;
		};
		8E51235A2A0E124200C08EC4 /* PBXTargetDependency */ = {
			isa = PBXTargetDependency;
			target = 8E51233D2A0E124000C08EC4 /* Timeless */;
			targetProxy = 8E5123592A0E124200C08EC4 /* PBXContainerItemProxy */;
		};
/* End PBXTargetDependency section */

/* Begin PBXVariantGroup section */
		8E51237A2A0E253600C08EC4 /* Localizable.strings */ = {
			isa = PBXVariantGroup;
			children = (
				8E5123792A0E253600C08EC4 /* en */,
			);
			name = Localizable.strings;
			sourceTree = "<group>";
		};
/* End PBXVariantGroup section */

/* Begin XCBuildConfiguration section */
		8E5123602A0E124200C08EC4 /* Debug */ = {
			isa = XCBuildConfiguration;
			buildSettings = {
				ALWAYS_SEARCH_USER_PATHS = NO;
				CLANG_ANALYZER_NONNULL = YES;
				CLANG_ANALYZER_NUMBER_OBJECT_CONVERSION = YES_AGGRESSIVE;
				CLANG_CXX_LANGUAGE_STANDARD = "gnu++20";
				CLANG_ENABLE_MODULES = YES;
				CLANG_ENABLE_OBJC_ARC = YES;
				CLANG_ENABLE_OBJC_WEAK = YES;
				CLANG_WARN_BLOCK_CAPTURE_AUTORELEASING = YES;
				CLANG_WARN_BOOL_CONVERSION = YES;
				CLANG_WARN_COMMA = YES;
				CLANG_WARN_CONSTANT_CONVERSION = YES;
				CLANG_WARN_DEPRECATED_OBJC_IMPLEMENTATIONS = YES;
				CLANG_WARN_DIRECT_OBJC_ISA_USAGE = YES_ERROR;
				CLANG_WARN_DOCUMENTATION_COMMENTS = YES;
				CLANG_WARN_EMPTY_BODY = YES;
				CLANG_WARN_ENUM_CONVERSION = YES;
				CLANG_WARN_INFINITE_RECURSION = YES;
				CLANG_WARN_INT_CONVERSION = YES;
				CLANG_WARN_NON_LITERAL_NULL_CONVERSION = YES;
				CLANG_WARN_OBJC_IMPLICIT_RETAIN_SELF = YES;
				CLANG_WARN_OBJC_LITERAL_CONVERSION = YES;
				CLANG_WARN_OBJC_ROOT_CLASS = YES_ERROR;
				CLANG_WARN_QUOTED_INCLUDE_IN_FRAMEWORK_HEADER = YES;
				CLANG_WARN_RANGE_LOOP_ANALYSIS = YES;
				CLANG_WARN_STRICT_PROTOTYPES = YES;
				CLANG_WARN_SUSPICIOUS_MOVE = YES;
				CLANG_WARN_UNGUARDED_AVAILABILITY = YES_AGGRESSIVE;
				CLANG_WARN_UNREACHABLE_CODE = YES;
				CLANG_WARN__DUPLICATE_METHOD_MATCH = YES;
				COPY_PHASE_STRIP = NO;
				DEBUG_INFORMATION_FORMAT = dwarf;
				ENABLE_STRICT_OBJC_MSGSEND = YES;
				ENABLE_TESTABILITY = YES;
				GCC_C_LANGUAGE_STANDARD = gnu11;
				GCC_DYNAMIC_NO_PIC = NO;
				GCC_NO_COMMON_BLOCKS = YES;
				GCC_OPTIMIZATION_LEVEL = 0;
				GCC_PREPROCESSOR_DEFINITIONS = (
					"DEBUG=1",
					"$(inherited)",
				);
				GCC_WARN_64_TO_32_BIT_CONVERSION = YES;
				GCC_WARN_ABOUT_RETURN_TYPE = YES_ERROR;
				GCC_WARN_UNDECLARED_SELECTOR = YES;
				GCC_WARN_UNINITIALIZED_AUTOS = YES_AGGRESSIVE;
				GCC_WARN_UNUSED_FUNCTION = YES;
				GCC_WARN_UNUSED_VARIABLE = YES;
				IPHONEOS_DEPLOYMENT_TARGET = 16.4;
				MTL_ENABLE_DEBUG_INFO = INCLUDE_SOURCE;
				MTL_FAST_MATH = YES;
				ONLY_ACTIVE_ARCH = YES;
				SDKROOT = iphoneos;
				SWIFT_ACTIVE_COMPILATION_CONDITIONS = DEBUG;
				SWIFT_OPTIMIZATION_LEVEL = "-Onone";
			};
			name = Debug;
		};
		8E5123612A0E124200C08EC4 /* Release */ = {
			isa = XCBuildConfiguration;
			buildSettings = {
				ALWAYS_SEARCH_USER_PATHS = NO;
				CLANG_ANALYZER_NONNULL = YES;
				CLANG_ANALYZER_NUMBER_OBJECT_CONVERSION = YES_AGGRESSIVE;
				CLANG_CXX_LANGUAGE_STANDARD = "gnu++20";
				CLANG_ENABLE_MODULES = YES;
				CLANG_ENABLE_OBJC_ARC = YES;
				CLANG_ENABLE_OBJC_WEAK = YES;
				CLANG_WARN_BLOCK_CAPTURE_AUTORELEASING = YES;
				CLANG_WARN_BOOL_CONVERSION = YES;
				CLANG_WARN_COMMA = YES;
				CLANG_WARN_CONSTANT_CONVERSION = YES;
				CLANG_WARN_DEPRECATED_OBJC_IMPLEMENTATIONS = YES;
				CLANG_WARN_DIRECT_OBJC_ISA_USAGE = YES_ERROR;
				CLANG_WARN_DOCUMENTATION_COMMENTS = YES;
				CLANG_WARN_EMPTY_BODY = YES;
				CLANG_WARN_ENUM_CONVERSION = YES;
				CLANG_WARN_INFINITE_RECURSION = YES;
				CLANG_WARN_INT_CONVERSION = YES;
				CLANG_WARN_NON_LITERAL_NULL_CONVERSION = YES;
				CLANG_WARN_OBJC_IMPLICIT_RETAIN_SELF = YES;
				CLANG_WARN_OBJC_LITERAL_CONVERSION = YES;
				CLANG_WARN_OBJC_ROOT_CLASS = YES_ERROR;
				CLANG_WARN_QUOTED_INCLUDE_IN_FRAMEWORK_HEADER = YES;
				CLANG_WARN_RANGE_LOOP_ANALYSIS = YES;
				CLANG_WARN_STRICT_PROTOTYPES = YES;
				CLANG_WARN_SUSPICIOUS_MOVE = YES;
				CLANG_WARN_UNGUARDED_AVAILABILITY = YES_AGGRESSIVE;
				CLANG_WARN_UNREACHABLE_CODE = YES;
				CLANG_WARN__DUPLICATE_METHOD_MATCH = YES;
				COPY_PHASE_STRIP = NO;
				DEBUG_INFORMATION_FORMAT = "dwarf-with-dsym";
				ENABLE_NS_ASSERTIONS = NO;
				ENABLE_STRICT_OBJC_MSGSEND = YES;
				GCC_C_LANGUAGE_STANDARD = gnu11;
				GCC_NO_COMMON_BLOCKS = YES;
				GCC_WARN_64_TO_32_BIT_CONVERSION = YES;
				GCC_WARN_ABOUT_RETURN_TYPE = YES_ERROR;
				GCC_WARN_UNDECLARED_SELECTOR = YES;
				GCC_WARN_UNINITIALIZED_AUTOS = YES_AGGRESSIVE;
				GCC_WARN_UNUSED_FUNCTION = YES;
				GCC_WARN_UNUSED_VARIABLE = YES;
				IPHONEOS_DEPLOYMENT_TARGET = 16.4;
				MTL_ENABLE_DEBUG_INFO = NO;
				MTL_FAST_MATH = YES;
				SDKROOT = iphoneos;
				SWIFT_COMPILATION_MODE = wholemodule;
				SWIFT_OPTIMIZATION_LEVEL = "-O";
				VALIDATE_PRODUCT = YES;
			};
			name = Release;
		};
		8E5123632A0E124200C08EC4 /* Debug */ = {
			isa = XCBuildConfiguration;
			buildSettings = {
				ASSETCATALOG_COMPILER_APPICON_NAME = AppIcon;
				ASSETCATALOG_COMPILER_GLOBAL_ACCENT_COLOR_NAME = AccentColor;
				CODE_SIGN_STYLE = Automatic;
				CURRENT_PROJECT_VERSION = 1;
				DEVELOPMENT_ASSET_PATHS = "\"Timeless/Preview Content\"";
				ENABLE_PREVIEWS = YES;
				GENERATE_INFOPLIST_FILE = YES;
				INFOPLIST_FILE = Timeless/Info.plist;
				INFOPLIST_KEY_UIApplicationSceneManifest_Generation = YES;
				INFOPLIST_KEY_UIApplicationSupportsIndirectInputEvents = YES;
				INFOPLIST_KEY_UILaunchScreen_Generation = YES;
				INFOPLIST_KEY_UISupportedInterfaceOrientations_iPad = "UIInterfaceOrientationPortrait UIInterfaceOrientationPortraitUpsideDown UIInterfaceOrientationLandscapeLeft UIInterfaceOrientationLandscapeRight";
				INFOPLIST_KEY_UISupportedInterfaceOrientations_iPhone = "UIInterfaceOrientationPortrait UIInterfaceOrientationLandscapeLeft UIInterfaceOrientationLandscapeRight";
				LD_RUNPATH_SEARCH_PATHS = (
					"$(inherited)",
					"@executable_path/Frameworks",
				);
				MARKETING_VERSION = 1.0;
				PRODUCT_BUNDLE_IDENTIFIER = com.phuchoang.Timeless;
				PRODUCT_NAME = "$(TARGET_NAME)";
				SWIFT_EMIT_LOC_STRINGS = YES;
				SWIFT_VERSION = 5.0;
				TARGETED_DEVICE_FAMILY = "1,2";
			};
			name = Debug;
		};
		8E5123642A0E124200C08EC4 /* Release */ = {
			isa = XCBuildConfiguration;
			buildSettings = {
				ASSETCATALOG_COMPILER_APPICON_NAME = AppIcon;
				ASSETCATALOG_COMPILER_GLOBAL_ACCENT_COLOR_NAME = AccentColor;
				CODE_SIGN_STYLE = Automatic;
				CURRENT_PROJECT_VERSION = 1;
				DEVELOPMENT_ASSET_PATHS = "\"Timeless/Preview Content\"";
				ENABLE_PREVIEWS = YES;
				GENERATE_INFOPLIST_FILE = YES;
				INFOPLIST_FILE = Timeless/Info.plist;
				INFOPLIST_KEY_UIApplicationSceneManifest_Generation = YES;
				INFOPLIST_KEY_UIApplicationSupportsIndirectInputEvents = YES;
				INFOPLIST_KEY_UILaunchScreen_Generation = YES;
				INFOPLIST_KEY_UISupportedInterfaceOrientations_iPad = "UIInterfaceOrientationPortrait UIInterfaceOrientationPortraitUpsideDown UIInterfaceOrientationLandscapeLeft UIInterfaceOrientationLandscapeRight";
				INFOPLIST_KEY_UISupportedInterfaceOrientations_iPhone = "UIInterfaceOrientationPortrait UIInterfaceOrientationLandscapeLeft UIInterfaceOrientationLandscapeRight";
				LD_RUNPATH_SEARCH_PATHS = (
					"$(inherited)",
					"@executable_path/Frameworks",
				);
				MARKETING_VERSION = 1.0;
				PRODUCT_BUNDLE_IDENTIFIER = com.phuchoang.Timeless;
				PRODUCT_NAME = "$(TARGET_NAME)";
				SWIFT_EMIT_LOC_STRINGS = YES;
				SWIFT_VERSION = 5.0;
				TARGETED_DEVICE_FAMILY = "1,2";
			};
			name = Release;
		};
		8E5123662A0E124200C08EC4 /* Debug */ = {
			isa = XCBuildConfiguration;
			buildSettings = {
				ALWAYS_EMBED_SWIFT_STANDARD_LIBRARIES = YES;
				BUNDLE_LOADER = "$(TEST_HOST)";
				CODE_SIGN_STYLE = Automatic;
				CURRENT_PROJECT_VERSION = 1;
				GENERATE_INFOPLIST_FILE = YES;
				IPHONEOS_DEPLOYMENT_TARGET = 16.4;
				MARKETING_VERSION = 1.0;
				PRODUCT_BUNDLE_IDENTIFIER = com.phuchoang.TimelessTests;
				PRODUCT_NAME = "$(TARGET_NAME)";
				SWIFT_EMIT_LOC_STRINGS = NO;
				SWIFT_VERSION = 5.0;
				TARGETED_DEVICE_FAMILY = "1,2";
				TEST_HOST = "$(BUILT_PRODUCTS_DIR)/Timeless.app/$(BUNDLE_EXECUTABLE_FOLDER_PATH)/Timeless";
			};
			name = Debug;
		};
		8E5123672A0E124200C08EC4 /* Release */ = {
			isa = XCBuildConfiguration;
			buildSettings = {
				ALWAYS_EMBED_SWIFT_STANDARD_LIBRARIES = YES;
				BUNDLE_LOADER = "$(TEST_HOST)";
				CODE_SIGN_STYLE = Automatic;
				CURRENT_PROJECT_VERSION = 1;
				GENERATE_INFOPLIST_FILE = YES;
				IPHONEOS_DEPLOYMENT_TARGET = 16.4;
				MARKETING_VERSION = 1.0;
				PRODUCT_BUNDLE_IDENTIFIER = com.phuchoang.TimelessTests;
				PRODUCT_NAME = "$(TARGET_NAME)";
				SWIFT_EMIT_LOC_STRINGS = NO;
				SWIFT_VERSION = 5.0;
				TARGETED_DEVICE_FAMILY = "1,2";
				TEST_HOST = "$(BUILT_PRODUCTS_DIR)/Timeless.app/$(BUNDLE_EXECUTABLE_FOLDER_PATH)/Timeless";
			};
			name = Release;
		};
		8E5123692A0E124200C08EC4 /* Debug */ = {
			isa = XCBuildConfiguration;
			buildSettings = {
				ALWAYS_EMBED_SWIFT_STANDARD_LIBRARIES = YES;
				CODE_SIGN_STYLE = Automatic;
				CURRENT_PROJECT_VERSION = 1;
				GENERATE_INFOPLIST_FILE = YES;
				MARKETING_VERSION = 1.0;
				PRODUCT_BUNDLE_IDENTIFIER = com.phuchoang.TimelessUITests;
				PRODUCT_NAME = "$(TARGET_NAME)";
				SWIFT_EMIT_LOC_STRINGS = NO;
				SWIFT_VERSION = 5.0;
				TARGETED_DEVICE_FAMILY = "1,2";
				TEST_TARGET_NAME = Timeless;
			};
			name = Debug;
		};
		8E51236A2A0E124200C08EC4 /* Release */ = {
			isa = XCBuildConfiguration;
			buildSettings = {
				ALWAYS_EMBED_SWIFT_STANDARD_LIBRARIES = YES;
				CODE_SIGN_STYLE = Automatic;
				CURRENT_PROJECT_VERSION = 1;
				GENERATE_INFOPLIST_FILE = YES;
				MARKETING_VERSION = 1.0;
				PRODUCT_BUNDLE_IDENTIFIER = com.phuchoang.TimelessUITests;
				PRODUCT_NAME = "$(TARGET_NAME)";
				SWIFT_EMIT_LOC_STRINGS = NO;
				SWIFT_VERSION = 5.0;
				TARGETED_DEVICE_FAMILY = "1,2";
				TEST_TARGET_NAME = Timeless;
			};
			name = Release;
		};
/* End XCBuildConfiguration section */

/* Begin XCConfigurationList section */
		8E5123392A0E124000C08EC4 /* Build configuration list for PBXProject "Timeless" */ = {
			isa = XCConfigurationList;
			buildConfigurations = (
				8E5123602A0E124200C08EC4 /* Debug */,
				8E5123612A0E124200C08EC4 /* Release */,
			);
			defaultConfigurationIsVisible = 0;
			defaultConfigurationName = Release;
		};
		8E5123622A0E124200C08EC4 /* Build configuration list for PBXNativeTarget "Timeless" */ = {
			isa = XCConfigurationList;
			buildConfigurations = (
				8E5123632A0E124200C08EC4 /* Debug */,
				8E5123642A0E124200C08EC4 /* Release */,
			);
			defaultConfigurationIsVisible = 0;
			defaultConfigurationName = Release;
		};
		8E5123652A0E124200C08EC4 /* Build configuration list for PBXNativeTarget "TimelessTests" */ = {
			isa = XCConfigurationList;
			buildConfigurations = (
				8E5123662A0E124200C08EC4 /* Debug */,
				8E5123672A0E124200C08EC4 /* Release */,
			);
			defaultConfigurationIsVisible = 0;
			defaultConfigurationName = Release;
		};
		8E5123682A0E124200C08EC4 /* Build configuration list for PBXNativeTarget "TimelessUITests" */ = {
			isa = XCConfigurationList;
			buildConfigurations = (
				8E5123692A0E124200C08EC4 /* Debug */,
				8E51236A2A0E124200C08EC4 /* Release */,
			);
			defaultConfigurationIsVisible = 0;
			defaultConfigurationName = Release;
		};
/* End XCConfigurationList section */
	};
	rootObject = 8E5123362A0E124000C08EC4 /* Project object */;
}
